<?xml version="1.0" encoding="utf-8"?>
<Project ToolsVersion="4.0" xmlns="http://schemas.microsoft.com/developer/msbuild/2003">
  <ItemGroup>
    <ClCompile Include="src\main.cpp">
      <Filter>src</Filter>
    </ClCompile>
    <ClCompile Include="lib\sdk\amxplugin.cpp">
      <Filter>lib\sdk</Filter>
    </ClCompile>
    <ClCompile Include="lib\subhook\subhook.c">
      <Filter>lib\subhook</Filter>
    </ClCompile>
    <ClCompile Include="src\hooks.cpp">
      <Filter>src</Filter>
    </ClCompile>
    <ClCompile Include="src\context.cpp">
      <Filter>src</Filter>
    </ClCompile>
    <ClCompile Include="src\natives\pawn.cpp">
      <Filter>src\natives</Filter>
    </ClCompile>
    <ClCompile Include="src\natives\str.cpp">
      <Filter>src\natives</Filter>
    </ClCompile>
    <ClCompile Include="src\natives\task.cpp">
      <Filter>src\natives</Filter>
    </ClCompile>
    <ClCompile Include="src\natives\pp.cpp">
      <Filter>src\natives</Filter>
    </ClCompile>
    <ClCompile Include="src\utils\thread_posix.cpp">
      <Filter>src\utils</Filter>
    </ClCompile>
    <ClCompile Include="src\utils\thread_win.cpp">
      <Filter>src\utils</Filter>
    </ClCompile>
    <ClCompile Include="src\utils\thread.cpp">
      <Filter>src\utils</Filter>
    </ClCompile>
    <ClCompile Include="src\natives\nthread.cpp">
      <Filter>src\natives</Filter>
    </ClCompile>
    <ClCompile Include="src\natives\list.cpp">
      <Filter>src\natives</Filter>
    </ClCompile>
    <ClCompile Include="src\natives\map.cpp">
      <Filter>src\natives</Filter>
    </ClCompile>
    <ClCompile Include="src\natives\variant.cpp">
      <Filter>src\natives</Filter>
    </ClCompile>
    <ClCompile Include="src\natives\iter.cpp">
      <Filter>src\natives</Filter>
    </ClCompile>
    <ClCompile Include="src\natives\tag.cpp">
      <Filter>src\natives</Filter>
    </ClCompile>
    <ClCompile Include="src\amxinfo.cpp">
      <Filter>src</Filter>
    </ClCompile>
    <ClCompile Include="src\objects\dyn_object.cpp">
      <Filter>src\objects</Filter>
    </ClCompile>
    <ClCompile Include="src\objects\stored_param.cpp">
      <Filter>src\objects</Filter>
    </ClCompile>
    <ClCompile Include="src\objects\reset.cpp">
      <Filter>src\objects</Filter>
    </ClCompile>
    <ClCompile Include="src\modules\amxhook.cpp">
      <Filter>src\modules</Filter>
    </ClCompile>
    <ClCompile Include="src\modules\events.cpp">
      <Filter>src\modules</Filter>
    </ClCompile>
    <ClCompile Include="src\modules\strings.cpp">
      <Filter>src\modules</Filter>
    </ClCompile>
    <ClCompile Include="src\modules\tags.cpp">
      <Filter>src\modules</Filter>
    </ClCompile>
    <ClCompile Include="src\modules\tasks.cpp">
      <Filter>src\modules</Filter>
    </ClCompile>
    <ClCompile Include="src\modules\threads.cpp">
      <Filter>src\modules</Filter>
    </ClCompile>
    <ClCompile Include="src\modules\variants.cpp">
      <Filter>src\modules</Filter>
    </ClCompile>
    <ClCompile Include="src\natives\namx.cpp">
      <Filter>src\natives</Filter>
    </ClCompile>
    <ClCompile Include="src\modules\guards.cpp">
      <Filter>src\modules</Filter>
    </ClCompile>
    <ClCompile Include="src\modules\amxutils.cpp">
      <Filter>src\modules</Filter>
    </ClCompile>
    <ClCompile Include="src\exec.cpp">
      <Filter>src</Filter>
    </ClCompile>
    <ClCompile Include="src\modules\containers.cpp">
      <Filter>src\modules</Filter>
    </ClCompile>
    <ClCompile Include="src\modules\tag_ops.cpp">
      <Filter>src\modules</Filter>
    </ClCompile>
    <ClCompile Include="src\natives\linked_list.cpp">
      <Filter>src\natives</Filter>
    </ClCompile>
    <ClCompile Include="src\natives\handle.cpp">
      <Filter>src\natives</Filter>
    </ClCompile>
    <ClCompile Include="src\natives.cpp">
      <Filter>src</Filter>
    </ClCompile>
    <ClCompile Include="src\errors.cpp">
      <Filter>src</Filter>
    </ClCompile>
    <ClCompile Include="src\modules\capi.cpp">
      <Filter>src\modules</Filter>
    </ClCompile>
    <ClCompile Include="src\api\ppcommon.cpp">
      <Filter>src\api</Filter>
    </ClCompile>
    <ClCompile Include="src\natives\math.cpp">
      <Filter>src\natives</Filter>
    </ClCompile>
    <ClCompile Include="lib\sdk\amx\amxdbg.c">
      <Filter>lib\sdk\amx</Filter>
    </ClCompile>
    <ClCompile Include="src\modules\debug.cpp">
      <Filter>src\modules</Filter>
    </ClCompile>
    <ClCompile Include="src\natives\ndebug.cpp">
      <Filter>src\natives</Filter>
    </ClCompile>
    <ClCompile Include="src\natives\pool.cpp">
      <Filter>src\natives</Filter>
    </ClCompile>
    <ClCompile Include="src\modules\serialize.cpp">
      <Filter>src\modules</Filter>
    </ClCompile>
    <ClCompile Include="src\modules\expressions.cpp">
      <Filter>src\modules</Filter>
    </ClCompile>
    <ClCompile Include="src\natives\expr.cpp">
      <Filter>src\natives</Filter>
    </ClCompile>
    <ClCompile Include="src\modules\parser.cpp">
      <Filter>src\modules</Filter>
    </ClCompile>
    <ClCompile Include="src\modules\iterators.cpp">
      <Filter>src\modules</Filter>
    </ClCompile>
    <ClCompile Include="src\utils\systools.cpp">
      <Filter>src\utils</Filter>
    </ClCompile>
    <ClCompile Include="src\modules\format.cpp">
      <Filter>src\modules</Filter>
    </ClCompile>
    <ClCompile Include="src\modules\regex.cpp">
      <Filter>src\modules</Filter>
    </ClCompile>
  </ItemGroup>
  <ItemGroup>
    <Filter Include="src">
      <UniqueIdentifier>{bef04455-bfc5-436d-ac49-4ba486a6f032}</UniqueIdentifier>
    </Filter>
    <Filter Include="lib">
      <UniqueIdentifier>{c6b544ab-478e-4491-9a8e-e049b0118c97}</UniqueIdentifier>
    </Filter>
    <Filter Include="lib\sdk">
      <UniqueIdentifier>{0c0cc2f7-d629-44a6-9c94-417e61ff8fa5}</UniqueIdentifier>
    </Filter>
    <Filter Include="lib\subhook">
      <UniqueIdentifier>{582c83e0-050a-481a-a06e-20a1829b57cb}</UniqueIdentifier>
    </Filter>
    <Filter Include="src\utils">
      <UniqueIdentifier>{370fcf38-e8b3-40c4-b198-9a5ae1af82dd}</UniqueIdentifier>
    </Filter>
    <Filter Include="src\natives">
      <UniqueIdentifier>{71c1ee38-d627-4bb5-be86-326015713a39}</UniqueIdentifier>
    </Filter>
    <Filter Include="src\fixes">
      <UniqueIdentifier>{a4f5795c-e570-4d20-94c0-c5b807b429a6}</UniqueIdentifier>
    </Filter>
    <Filter Include="src\objects">
      <UniqueIdentifier>{9ea8846a-24d1-4c6c-9370-3c96f93e4c62}</UniqueIdentifier>
    </Filter>
    <Filter Include="src\modules">
      <UniqueIdentifier>{df4f9eb5-a924-481c-b9a6-85ab90f41088}</UniqueIdentifier>
    </Filter>
    <Filter Include="src\api">
      <UniqueIdentifier>{09a52f36-5d7a-4593-bd1d-8eca51d13c27}</UniqueIdentifier>
    </Filter>
    <Filter Include="lib\sdk\amx">
      <UniqueIdentifier>{80240169-b172-4ef7-b38b-3491b1243c69}</UniqueIdentifier>
    </Filter>
  </ItemGroup>
  <ItemGroup>
    <ClInclude Include="lib\subhook\subhook.h">
      <Filter>lib\subhook</Filter>
    </ClInclude>
    <ClInclude Include="lib\subhook\subhook_private.h">
      <Filter>lib\subhook</Filter>
    </ClInclude>
    <ClInclude Include="lib\subhook\subhook_linux.h">
      <Filter>lib\subhook</Filter>
    </ClInclude>
    <ClInclude Include="lib\subhook\subhook_unix.h">
      <Filter>lib\subhook</Filter>
    </ClInclude>
    <ClInclude Include="lib\subhook\subhook_windows.h">
      <Filter>lib\subhook</Filter>
    </ClInclude>
    <ClInclude Include="lib\subhook\subhook_x86.h">
      <Filter>lib\subhook</Filter>
    </ClInclude>
    <ClInclude Include="src\utils\optional.h">
      <Filter>src\utils</Filter>
    </ClInclude>
    <ClInclude Include="src\hooks.h">
      <Filter>src</Filter>
    </ClInclude>
    <ClInclude Include="src\context.h">
      <Filter>src</Filter>
    </ClInclude>
    <ClInclude Include="src\fixes\linux.h">
      <Filter>src\fixes</Filter>
    </ClInclude>
    <ClInclude Include="src\utils\thread.h">
      <Filter>src\utils</Filter>
    </ClInclude>
    <ClInclude Include="src\amxinfo.h">
      <Filter>src</Filter>
    </ClInclude>
    <ClInclude Include="src\main.h">
      <Filter>src</Filter>
    </ClInclude>
    <ClInclude Include="src\utils\func_pool.h">
      <Filter>src\utils</Filter>
    </ClInclude>
    <ClInclude Include="src\objects\stored_param.h">
      <Filter>src\objects</Filter>
    </ClInclude>
    <ClInclude Include="src\objects\dyn_object.h">
      <Filter>src\objects</Filter>
    </ClInclude>
    <ClInclude Include="src\objects\object_pool.h">
      <Filter>src\objects</Filter>
    </ClInclude>
    <ClInclude Include="src\objects\reset.h">
      <Filter>src\objects</Filter>
    </ClInclude>
    <ClInclude Include="src\modules\amxhook.h">
      <Filter>src\modules</Filter>
    </ClInclude>
    <ClInclude Include="src\modules\events.h">
      <Filter>src\modules</Filter>
    </ClInclude>
    <ClInclude Include="src\modules\strings.h">
      <Filter>src\modules</Filter>
    </ClInclude>
    <ClInclude Include="src\modules\tags.h">
      <Filter>src\modules</Filter>
    </ClInclude>
    <ClInclude Include="src\modules\tasks.h">
      <Filter>src\modules</Filter>
    </ClInclude>
    <ClInclude Include="src\modules\threads.h">
      <Filter>src\modules</Filter>
    </ClInclude>
    <ClInclude Include="src\modules\variants.h">
      <Filter>src\modules</Filter>
    </ClInclude>
    <ClInclude Include="src\natives.h">
      <Filter>src</Filter>
    </ClInclude>
    <ClInclude Include="src\utils\linear_pool.h">
      <Filter>src\utils</Filter>
    </ClInclude>
    <ClInclude Include="src\modules\guards.h">
      <Filter>src\modules</Filter>
    </ClInclude>
    <ClInclude Include="src\modules\amxutils.h">
      <Filter>src\modules</Filter>
    </ClInclude>
    <ClInclude Include="src\exec.h">
      <Filter>src</Filter>
    </ClInclude>
    <ClInclude Include="src\utils\id_set_pool.h">
      <Filter>src\utils</Filter>
    </ClInclude>
    <ClInclude Include="src\utils\shared_id_set_pool.h">
      <Filter>src\utils</Filter>
    </ClInclude>
    <ClInclude Include="src\modules\containers.h">
      <Filter>src\modules</Filter>
    </ClInclude>
    <ClInclude Include="src\utils\hybrid_map.h">
      <Filter>src\utils</Filter>
    </ClInclude>
    <ClInclude Include="src\errors.h">
      <Filter>src</Filter>
    </ClInclude>
    <ClInclude Include="src\modules\capi.h">
      <Filter>src\modules</Filter>
    </ClInclude>
    <ClInclude Include="src\api\ppcommon.h">
      <Filter>src\api</Filter>
    </ClInclude>
    <ClInclude Include="lib\sdk\plugin.h">
      <Filter>lib\sdk</Filter>
    </ClInclude>
    <ClInclude Include="lib\sdk\plugincommon.h">
      <Filter>lib\sdk</Filter>
    </ClInclude>
    <ClInclude Include="lib\sdk\amx\amx.h">
      <Filter>lib\sdk\amx</Filter>
    </ClInclude>
    <ClInclude Include="lib\sdk\amx\amxdbg.h">
      <Filter>lib\sdk\amx</Filter>
    </ClInclude>
    <ClInclude Include="lib\sdk\amx\getch.h">
      <Filter>lib\sdk\amx</Filter>
    </ClInclude>
    <ClInclude Include="lib\sdk\amx\sclinux.h">
      <Filter>lib\sdk\amx</Filter>
    </ClInclude>
    <ClInclude Include="lib\sdk\amx\osdefs.h">
      <Filter>lib\sdk\amx</Filter>
    </ClInclude>
    <ClInclude Include="src\modules\debug.h">
      <Filter>src\modules</Filter>
    </ClInclude>
    <ClInclude Include="src\utils\linked_pool.h">
      <Filter>src\utils</Filter>
    </ClInclude>
    <ClInclude Include="src\utils\block_pool.h">
      <Filter>src\utils</Filter>
    </ClInclude>
    <ClInclude Include="src\utils\hybrid_pool.h">
      <Filter>src\utils</Filter>
    </ClInclude>
    <ClInclude Include="src\utils\hybrid_cont.h">
      <Filter>src\utils</Filter>
    </ClInclude>
    <ClInclude Include="src\modules\serialize.h">
      <Filter>src\modules</Filter>
    </ClInclude>
    <ClInclude Include="src\modules\expressions.h">
      <Filter>src\modules</Filter>
    </ClInclude>
    <ClInclude Include="src\modules\parser.h">
      <Filter>src\modules</Filter>
    </ClInclude>
    <ClInclude Include="src\modules\iterators.h">
      <Filter>src\modules</Filter>
    </ClInclude>
    <ClInclude Include="src\utils\systools.h">
      <Filter>src\utils</Filter>
    </ClInclude>
    <ClInclude Include="src\modules\format.h">
      <Filter>src\modules</Filter>
    </ClInclude>
    <ClInclude Include="src\modules\regex.h">
      <Filter>src\modules</Filter>
    </ClInclude>
    <ClInclude Include="src\utils\obj_lock.h">
      <Filter>src\utils</Filter>
    </ClInclude>
  </ItemGroup>
  <ItemGroup>
    <None Include="PawnPlus.def" />
  </ItemGroup>
</Project>