Microsoft Visual Studio Solution File, Format Version 12.00
# Visual Studio 15
VisualStudioVersion = 15.0.27004.2002
MinimumVisualStudioVersion = 10.0.40219.1
Project("{8BC9CEB8-8B4A-11D0-8D11-00A0C91BC942}") = "PawnPlus", "PawnPlus.vcxproj", "{0843F08F-F40F-4B9B-1D29-394309558029}"
EndProject
Global
	GlobalSection(SolutionConfigurationPlatforms) = preSolution
		Debug|Any CPU = Debug|Any CPU
		Debug|Win32 = Debug|Win32
		Release|Any CPU = Release|Any CPU
		Release|Win32 = Release|Win32
	EndGlobalSection
	GlobalSection(ProjectConfigurationPlatforms) = postSolution
		{0843F08F-F40F-4B9B-1D29-394309558029}.Debug|Any CPU.ActiveCfg = Debug|Win32
		{0843F08F-F40F-4B9B-1D29-394309558029}.Debug|Win32.ActiveCfg = Debug|Win32
		{0843F08F-F40F-4B9B-1D29-394309558029}.Debug|Win32.Build.0 = Debug|Win32
		{0843F08F-F40F-4B9B-1D29-394309558029}.Release|Any CPU.ActiveCfg = Release|Win32
		{0843F08F-F40F-4B9B-1D29-394309558029}.Release|Win32.ActiveCfg = Release|Win32
		{0843F08F-F40F-4B9B-1D29-394309558029}.Release|Win32.Build.0 = Release|Win32
	EndGlobalSection
	GlobalSection(SolutionProperties) = preSolution
		HideSolutionNode = FALSE
	EndGlobalSection
	GlobalSection(ExtensibilityGlobals) = postSolution
		SolutionGuid = {7AB21584-7362-4B5B-BD21-A501920662DB}
	EndGlobalSection
EndGlobal
